
Microsoft Visual Studio Solution File, Format Version 12.00
# Visual Studio Version 17
VisualStudioVersion = 17.4.33205.214
MinimumVisualStudioVersion = 10.0.40219.1
Project("{FAE04EC0-301F-11D3-BF4B-00C04F79EFBC}") = "TelegramBot", "TelegramBot\TelegramBot.csproj", "{FF0F8D94-C109-4CBC-8CF9-F492AAC43FC9}"
EndProject
Global
	GlobalSection(SolutionConfigurationPlatforms) = preSolution
		Debug|Any CPU = Debug|Any CPU
		Release|Any CPU = Release|Any CPU
	EndGlobalSection
	GlobalSection(ProjectConfigurationPlatforms) = postSolution
		{FF0F8D94-C109-4CBC-8CF9-F492AAC43FC9}.Debug|Any CPU.ActiveCfg = Debug|Any CPU
		{FF0F8D94-C109-4CBC-8CF9-F492AAC43FC9}.Debug|Any CPU.Build.0 = Debug|Any CPU
		{FF0F8D94-C109-4CBC-8CF9-F492AAC43FC9}.Release|Any CPU.ActiveCfg = Release|Any CPU
		{FF0F8D94-C109-4CBC-8CF9-F492AAC43FC9}.Release|Any CPU.Build.0 = Release|Any CPU
	EndGlobalSection
	GlobalSection(SolutionProperties) = preSolution
		HideSolutionNode = FALSE
	EndGlobalSection
	GlobalSection(ExtensibilityGlobals) = postSolution
		SolutionGuid = {EBCD652F-E3AB-4454-8843-178CFD2CB762}
	EndGlobalSection
EndGlobal
